
Microsoft Visual Studio Solution File, Format Version 12.00
# Visual Studio Version 17
VisualStudioVersion = 17.5.33530.505
MinimumVisualStudioVersion = 10.0.40219.1
Project("{FAE04EC0-301F-11D3-BF4B-00C04F79EFBC}") = "XamarinAndroid-Sample.Android", "XamarinAndroid-Sample.Android\XamarinAndroid-Sample.Android.csproj", "{293AC7C0-0D68-4CFC-854B-78FF21581642}"
EndProject
Project("{FAE04EC0-301F-11D3-BF4B-00C04F79EFBC}") = "XamarinAndroid-Sample", "XamarinAndroid-Sample\XamarinAndroid-Sample.csproj", "{69DC9A88-A490-49A9-9DE8-6666458C5ED7}"
EndProject
Global
	GlobalSection(SolutionConfigurationPlatforms) = preSolution
		Debug|Any CPU = Debug|Any CPU
		Release|Any CPU = Release|Any CPU
	EndGlobalSection
	GlobalSection(ProjectConfigurationPlatforms) = postSolution
		{293AC7C0-0D68-4CFC-854B-78FF21581642}.Debug|Any CPU.ActiveCfg = Debug|Any CPU
		{293AC7C0-0D68-4CFC-854B-78FF21581642}.Debug|Any CPU.Build.0 = Debug|Any CPU
		{293AC7C0-0D68-4CFC-854B-78FF21581642}.Debug|Any CPU.Deploy.0 = Debug|Any CPU
		{293AC7C0-0D68-4CFC-854B-78FF21581642}.Release|Any CPU.ActiveCfg = Release|Any CPU
		{293AC7C0-0D68-4CFC-854B-78FF21581642}.Release|Any CPU.Build.0 = Release|Any CPU
		{293AC7C0-0D68-4CFC-854B-78FF21581642}.Release|Any CPU.Deploy.0 = Release|Any CPU
		{69DC9A88-A490-49A9-9DE8-6666458C5ED7}.Debug|Any CPU.ActiveCfg = Debug|Any CPU
		{69DC9A88-A490-49A9-9DE8-6666458C5ED7}.Debug|Any CPU.Build.0 = Debug|Any CPU
		{69DC9A88-A490-49A9-9DE8-6666458C5ED7}.Debug|Any CPU.Deploy.0 = Debug|Any CPU
		{69DC9A88-A490-49A9-9DE8-6666458C5ED7}.Release|Any CPU.ActiveCfg = Release|Any CPU
		{69DC9A88-A490-49A9-9DE8-6666458C5ED7}.Release|Any CPU.Build.0 = Release|Any CPU
		{69DC9A88-A490-49A9-9DE8-6666458C5ED7}.Release|Any CPU.Deploy.0 = Release|Any CPU
	EndGlobalSection
	GlobalSection(SolutionProperties) = preSolution
		HideSolutionNode = FALSE
	EndGlobalSection
	GlobalSection(ExtensibilityGlobals) = postSolution
		SolutionGuid = {2B9EB33F-5176-47D4-959F-4EB57F07C82B}
	EndGlobalSection
EndGlobal
